
Microsoft Visual Studio Solution File, Format Version 12.00
# Visual Studio Version 16
VisualStudioVersion = 16.0.32126.315
MinimumVisualStudioVersion = 10.0.40219.1
Project("{FAE04EC0-301F-11D3-BF4B-00C04F79EFBC}") = "HelloWorld", "HelloWorld\HelloWorld.csproj", "{34ACADE1-F559-4734-8DDD-B54C869236F7}"
EndProject
Global
	GlobalSection(SolutionConfigurationPlatforms) = preSolution
		Debug|Any CPU = Debug|Any CPU
		Release|Any CPU = Release|Any CPU
	EndGlobalSection
	GlobalSection(ProjectConfigurationPlatforms) = postSolution
		{34ACADE1-F559-4734-8DDD-B54C869236F7}.Debug|Any CPU.ActiveCfg = Debug|Any CPU
		{34ACADE1-F559-4734-8DDD-B54C869236F7}.Debug|Any CPU.Build.0 = Debug|Any CPU
		{34ACADE1-F559-4734-8DDD-B54C869236F7}.Release|Any CPU.ActiveCfg = Release|Any CPU
		{34ACADE1-F559-4734-8DDD-B54C869236F7}.Release|Any CPU.Build.0 = Release|Any CPU
	EndGlobalSection
	GlobalSection(SolutionProperties) = preSolution
		HideSolutionNode = FALSE
	EndGlobalSection
	GlobalSection(ExtensibilityGlobals) = postSolution
		SolutionGuid = {A8AECBD8-69E6-4C5E-A02D-DF6DD7F982BF}
	EndGlobalSection
EndGlobal
